
Microsoft Visual Studio Solution File, Format Version 12.00
# Visual Studio Version 17
VisualStudioVersion = 17.1.32210.238
MinimumVisualStudioVersion = 10.0.40219.1
Project("{FAE04EC0-301F-11D3-BF4B-00C04F79EFBC}") = "CustomMiddleware", "CustomMiddleware\CustomMiddleware.csproj", "{C1E297BB-FEC6-4978-991D-5252D854B4D4}"
EndProject
Global
	GlobalSection(SolutionConfigurationPlatforms) = preSolution
		Debug|Any CPU = Debug|Any CPU
		Release|Any CPU = Release|Any CPU
	EndGlobalSection
	GlobalSection(ProjectConfigurationPlatforms) = postSolution
		{C1E297BB-FEC6-4978-991D-5252D854B4D4}.Debug|Any CPU.ActiveCfg = Debug|Any CPU
		{C1E297BB-FEC6-4978-991D-5252D854B4D4}.Debug|Any CPU.Build.0 = Debug|Any CPU
		{C1E297BB-FEC6-4978-991D-5252D854B4D4}.Release|Any CPU.ActiveCfg = Release|Any CPU
		{C1E297BB-FEC6-4978-991D-5252D854B4D4}.Release|Any CPU.Build.0 = Release|Any CPU
	EndGlobalSection
	GlobalSection(SolutionProperties) = preSolution
		HideSolutionNode = FALSE
	EndGlobalSection
	GlobalSection(ExtensibilityGlobals) = postSolution
		SolutionGuid = {A030349E-9279-4827-B37A-6A2D2B64911B}
	EndGlobalSection
EndGlobal
